
Microsoft Visual Studio Solution File, Format Version 12.00
# Visual Studio Version 16
VisualStudioVersion = 25.0.1704.3
MinimumVisualStudioVersion = 10.0.40219.1
Project("{FAE04EC0-301F-11D3-BF4B-00C04F79EFBC}") = "MovieOrderApp.Web", "MovieOrderApp\MovieOrderApp.Web.csproj", "{ED478457-C091-4123-9A93-1FD1C5083EF1}"
EndProject
Project("{FAE04EC0-301F-11D3-BF4B-00C04F79EFBC}") = "MovieOrder.API", "MovieOrder.API\MovieOrder.API.csproj", "{264BBD56-A52E-4345-979F-9C7A80527C7F}"
EndProject
Global
	GlobalSection(SolutionConfigurationPlatforms) = preSolution
		Debug|Any CPU = Debug|Any CPU
		Release|Any CPU = Release|Any CPU
	EndGlobalSection
	GlobalSection(ProjectConfigurationPlatforms) = postSolution
		{ED478457-C091-4123-9A93-1FD1C5083EF1}.Debug|Any CPU.ActiveCfg = Debug|Any CPU
		{ED478457-C091-4123-9A93-1FD1C5083EF1}.Debug|Any CPU.Build.0 = Debug|Any CPU
		{ED478457-C091-4123-9A93-1FD1C5083EF1}.Release|Any CPU.ActiveCfg = Release|Any CPU
		{ED478457-C091-4123-9A93-1FD1C5083EF1}.Release|Any CPU.Build.0 = Release|Any CPU
		{264BBD56-A52E-4345-979F-9C7A80527C7F}.Debug|Any CPU.ActiveCfg = Debug|Any CPU
		{264BBD56-A52E-4345-979F-9C7A80527C7F}.Debug|Any CPU.Build.0 = Debug|Any CPU
		{264BBD56-A52E-4345-979F-9C7A80527C7F}.Release|Any CPU.ActiveCfg = Release|Any CPU
		{264BBD56-A52E-4345-979F-9C7A80527C7F}.Release|Any CPU.Build.0 = Release|Any CPU
	EndGlobalSection
	GlobalSection(SolutionProperties) = preSolution
		HideSolutionNode = FALSE
	EndGlobalSection
	GlobalSection(ExtensibilityGlobals) = postSolution
		SolutionGuid = {C42DBBB5-C15C-4838-A4AA-364C3BED1325}
	EndGlobalSection
EndGlobal
